Microsoft Visual Studio Solution File, Format Version 12.00
# Visual Studio Version 17
VisualStudioVersion = 17.5.33424.131
MinimumVisualStudioVersion = 10.0.40219.1
Project("{2150E333-8FDC-42A3-9474-1A3956D46DE8}") = "CodeWars", "CodeWars", "{2938F656-2FC3-42B2-9F80-BC19CA732371}"
EndProject
Project("{2150E333-8FDC-42A3-9474-1A3956D46DE8}") = "LeetCode", "LeetCode", "{0D7D9F4A-F1AA-4DBB-A602-783F1B2FE089}"
EndProject
Project("{9A19103F-16F7-4668-BE54-9A1E7A4F7556}") = "CW1", "CodeWars\CW1\CW1.csproj", "{A5960B35-0CF4-45AC-812C-E3228AAF29DE}"
EndProject
Project("{9A19103F-16F7-4668-BE54-9A1E7A4F7556}") = "CW2", "CodeWars\CW2\CW2.csproj", "{3C8D2750-2CFB-4958-A5DC-6E9041936DDC}"
EndProject
Project("{9A19103F-16F7-4668-BE54-9A1E7A4F7556}") = "CW3", "CodeWars\CW3\CW3.csproj", "{489F53CB-2E4A-4EF3-BB44-D59503D25E4E}"
EndProject
Project("{9A19103F-16F7-4668-BE54-9A1E7A4F7556}") = "CW5", "CodeWars\CW5\CW5.csproj", "{9E5ECC7C-9C9E-41C4-B849-8B00C5083DFF}"
EndProject
Project("{9A19103F-16F7-4668-BE54-9A1E7A4F7556}") = "CW6", "CodeWars\CW6\CW6.csproj", "{6ECDC9F7-D270-4D07-8120-AA8C22BB937C}"
EndProject
Project("{9A19103F-16F7-4668-BE54-9A1E7A4F7556}") = "CW7", "CodeWars\CW7\CW7.csproj", "{9FEF1566-E79B-4908-AC00-16A266302364}"
EndProject
Project("{9A19103F-16F7-4668-BE54-9A1E7A4F7556}") = "CW8", "CodeWars\CW8\CW8.csproj", "{C5901168-735F-4D49-A0F0-3724CA1FC870}"
EndProject
Project("{9A19103F-16F7-4668-BE54-9A1E7A4F7556}") = "LC3", "LeetCode\LC3\LC3.csproj", "{B97272E8-07F3-41ED-ADB8-6655DD9C160B}"
EndProject
Project("{9A19103F-16F7-4668-BE54-9A1E7A4F7556}") = "LC9", "LeetCode\LC9\LC9.csproj", "{119981FE-4D84-416A-84A5-901593CCFFA1}"
EndProject
Project("{9A19103F-16F7-4668-BE54-9A1E7A4F7556}") = "LC14", "LeetCode\LC14\LC14.csproj", "{017C7062-1079-4DB6-921E-59F23760B364}"
EndProject
Project("{2150E333-8FDC-42A3-9474-1A3956D46DE8}") = "UnitTestsCW", "UnitTestsCW", "{E15035A4-DCAB-4C56-B580-12B1339AD14B}"
EndProject
Project("{2150E333-8FDC-42A3-9474-1A3956D46DE8}") = "UnitTestsLC", "UnitTestsLC", "{C2E0DD93-3B64-4AFC-8FA8-EC0F668E7A61}"
EndProject
Project("{9A19103F-16F7-4668-BE54-9A1E7A4F7556}") = "UTestCW6", "CodeWars\UnitTestsCW\UTestCW6\UTestCW6.csproj", "{3B0C5EBA-683A-484A-9979-0E3089ECBBB5}"
EndProject
Project("{9A19103F-16F7-4668-BE54-9A1E7A4F7556}") = "UTestCW7", "CodeWars\UnitTestsCW\UTestCW7\UTestCW7.csproj", "{D5CEE351-0E4C-4CE2-A7F2-30A29D0671B8}"
EndProject
Project("{9A19103F-16F7-4668-BE54-9A1E7A4F7556}") = "UTestCW8", "CodeWars\UnitTestsCW\UTestCW8\UTestCW8.csproj", "{C41C9EA1-9A7D-4BFC-9704-939ABAF26908}"
EndProject
Project("{9A19103F-16F7-4668-BE54-9A1E7A4F7556}") = "CW9", "CodeWars\CW9\CW9.csproj", "{30389C08-B020-47CA-9107-7E1B312015ED}"
EndProject
Project("{9A19103F-16F7-4668-BE54-9A1E7A4F7556}") = "UTestCW9", "CodeWars\UnitTestsCW\UTestCW9\UTestCW9.csproj", "{EDFDE816-4216-419A-9919-91CD4993AF2C}"
EndProject
Project("{9A19103F-16F7-4668-BE54-9A1E7A4F7556}") = "LC4", "LeetCode\LC4\LC4.csproj", "{8C0523A7-511D-494B-BDA3-66DA2C474E88}"
EndProject
Project("{9A19103F-16F7-4668-BE54-9A1E7A4F7556}") = "CW10", "CodeWars\CW10\CW10.csproj", "{86483135-7150-47E4-BAE3-55B263B9E3F8}"
EndProject
Project("{9A19103F-16F7-4668-BE54-9A1E7A4F7556}") = "UTestCW10", "CodeWars\UnitTestsCW\UTwstCW10\UTestCW10.csproj", "{ED1F97D6-379C-4E91-ADCF-0461D94E3F99}"
EndProject
Project("{9A19103F-16F7-4668-BE54-9A1E7A4F7556}") = "CW11", "CodeWars\CW11\CW11.csproj", "{9B2AB815-C6DB-40A0-9F67-35C62FC0C640}"
EndProject
Project("{9A19103F-16F7-4668-BE54-9A1E7A4F7556}") = "UTestCW11", "CodeWars\UnitTestsCW\UTestCW11\UTestCW11.csproj", "{30B77904-81D0-43FD-9922-24A29926C3B7}"
EndProject
Project("{9A19103F-16F7-4668-BE54-9A1E7A4F7556}") = "CW12", "CodeWars\CW12\CW12.csproj", "{600D8982-AAB1-4D7E-9345-0B85335E8C51}"
EndProject
Project("{9A19103F-16F7-4668-BE54-9A1E7A4F7556}") = "UTestCW12", "CodeWars\UnitTestsCW\UTestCW12\UTestCW12.csproj", "{DAC3EDB0-387A-4079-B0F2-D20A71D9AD05}"
EndProject
Project("{9A19103F-16F7-4668-BE54-9A1E7A4F7556}") = "CW13", "CodeWars\CW13\CW13.csproj", "{A7C140AD-E632-4958-98FF-C48AC76BD140}"
EndProject
Project("{9A19103F-16F7-4668-BE54-9A1E7A4F7556}") = "UTestCW13", "CodeWars\UnitTestsCW\UTestCW13\UTestCW13.csproj", "{B21EAD51-5709-48AB-B370-BE6D1303112D}"
EndProject
Project("{9A19103F-16F7-4668-BE54-9A1E7A4F7556}") = "CW14", "CodeWars\CW14\CW14.csproj", "{B00E8EB2-1694-4179-8DFB-C837218E5FB3}"
EndProject
Project("{FAE04EC0-301F-11D3-BF4B-00C04F79EFBC}") = "UTestCW14", "CodeWars\UnitTestsCW\UTestCW14\UTestCW14.csproj", "{227734F3-2FB8-4A7A-B99C-EB2D8D4F456E}"
EndProject
Global
	GlobalSection(SolutionConfigurationPlatforms) = preSolution
		Debug|Any CPU = Debug|Any CPU
		Release|Any CPU = Release|Any CPU
	EndGlobalSection
	GlobalSection(ProjectConfigurationPlatforms) = postSolution
		{A5960B35-0CF4-45AC-812C-E3228AAF29DE}.Debug|Any CPU.ActiveCfg = Debug|Any CPU
		{A5960B35-0CF4-45AC-812C-E3228AAF29DE}.Debug|Any CPU.Build.0 = Debug|Any CPU
		{A5960B35-0CF4-45AC-812C-E3228AAF29DE}.Release|Any CPU.ActiveCfg = Release|Any CPU
		{A5960B35-0CF4-45AC-812C-E3228AAF29DE}.Release|Any CPU.Build.0 = Release|Any CPU
		{3C8D2750-2CFB-4958-A5DC-6E9041936DDC}.Debug|Any CPU.ActiveCfg = Debug|Any CPU
		{3C8D2750-2CFB-4958-A5DC-6E9041936DDC}.Debug|Any CPU.Build.0 = Debug|Any CPU
		{3C8D2750-2CFB-4958-A5DC-6E9041936DDC}.Release|Any CPU.ActiveCfg = Release|Any CPU
		{3C8D2750-2CFB-4958-A5DC-6E9041936DDC}.Release|Any CPU.Build.0 = Release|Any CPU
		{489F53CB-2E4A-4EF3-BB44-D59503D25E4E}.Debug|Any CPU.ActiveCfg = Debug|Any CPU
		{489F53CB-2E4A-4EF3-BB44-D59503D25E4E}.Debug|Any CPU.Build.0 = Debug|Any CPU
		{489F53CB-2E4A-4EF3-BB44-D59503D25E4E}.Release|Any CPU.ActiveCfg = Release|Any CPU
		{489F53CB-2E4A-4EF3-BB44-D59503D25E4E}.Release|Any CPU.Build.0 = Release|Any CPU
		{9E5ECC7C-9C9E-41C4-B849-8B00C5083DFF}.Debug|Any CPU.ActiveCfg = Debug|Any CPU
		{9E5ECC7C-9C9E-41C4-B849-8B00C5083DFF}.Debug|Any CPU.Build.0 = Debug|Any CPU
		{9E5ECC7C-9C9E-41C4-B849-8B00C5083DFF}.Release|Any CPU.ActiveCfg = Release|Any CPU
		{9E5ECC7C-9C9E-41C4-B849-8B00C5083DFF}.Release|Any CPU.Build.0 = Release|Any CPU
		{6ECDC9F7-D270-4D07-8120-AA8C22BB937C}.Debug|Any CPU.ActiveCfg = Debug|Any CPU
		{6ECDC9F7-D270-4D07-8120-AA8C22BB937C}.Debug|Any CPU.Build.0 = Debug|Any CPU
		{6ECDC9F7-D270-4D07-8120-AA8C22BB937C}.Release|Any CPU.ActiveCfg = Release|Any CPU
		{6ECDC9F7-D270-4D07-8120-AA8C22BB937C}.Release|Any CPU.Build.0 = Release|Any CPU
		{9FEF1566-E79B-4908-AC00-16A266302364}.Debug|Any CPU.ActiveCfg = Debug|Any CPU
		{9FEF1566-E79B-4908-AC00-16A266302364}.Debug|Any CPU.Build.0 = Debug|Any CPU
		{9FEF1566-E79B-4908-AC00-16A266302364}.Release|Any CPU.ActiveCfg = Release|Any CPU
		{9FEF1566-E79B-4908-AC00-16A266302364}.Release|Any CPU.Build.0 = Release|Any CPU
		{C5901168-735F-4D49-A0F0-3724CA1FC870}.Debug|Any CPU.ActiveCfg = Debug|Any CPU
		{C5901168-735F-4D49-A0F0-3724CA1FC870}.Debug|Any CPU.Build.0 = Debug|Any CPU
		{C5901168-735F-4D49-A0F0-3724CA1FC870}.Release|Any CPU.ActiveCfg = Release|Any CPU
		{C5901168-735F-4D49-A0F0-3724CA1FC870}.Release|Any CPU.Build.0 = Release|Any CPU
		{B97272E8-07F3-41ED-ADB8-6655DD9C160B}.Debug|Any CPU.ActiveCfg = Debug|Any CPU
		{B97272E8-07F3-41ED-ADB8-6655DD9C160B}.Debug|Any CPU.Build.0 = Debug|Any CPU
		{B97272E8-07F3-41ED-ADB8-6655DD9C160B}.Release|Any CPU.ActiveCfg = Release|Any CPU
		{B97272E8-07F3-41ED-ADB8-6655DD9C160B}.Release|Any CPU.Build.0 = Release|Any CPU
		{119981FE-4D84-416A-84A5-901593CCFFA1}.Debug|Any CPU.ActiveCfg = Debug|Any CPU
		{119981FE-4D84-416A-84A5-901593CCFFA1}.Debug|Any CPU.Build.0 = Debug|Any CPU
		{119981FE-4D84-416A-84A5-901593CCFFA1}.Release|Any CPU.ActiveCfg = Release|Any CPU
		{119981FE-4D84-416A-84A5-901593CCFFA1}.Release|Any CPU.Build.0 = Release|Any CPU
		{017C7062-1079-4DB6-921E-59F23760B364}.Debug|Any CPU.ActiveCfg = Debug|Any CPU
		{017C7062-1079-4DB6-921E-59F23760B364}.Debug|Any CPU.Build.0 = Debug|Any CPU
		{017C7062-1079-4DB6-921E-59F23760B364}.Release|Any CPU.ActiveCfg = Release|Any CPU
		{017C7062-1079-4DB6-921E-59F23760B364}.Release|Any CPU.Build.0 = Release|Any CPU
		{3B0C5EBA-683A-484A-9979-0E3089ECBBB5}.Debug|Any CPU.ActiveCfg = Debug|Any CPU
		{3B0C5EBA-683A-484A-9979-0E3089ECBBB5}.Debug|Any CPU.Build.0 = Debug|Any CPU
		{3B0C5EBA-683A-484A-9979-0E3089ECBBB5}.Release|Any CPU.ActiveCfg = Release|Any CPU
		{3B0C5EBA-683A-484A-9979-0E3089ECBBB5}.Release|Any CPU.Build.0 = Release|Any CPU
		{D5CEE351-0E4C-4CE2-A7F2-30A29D0671B8}.Debug|Any CPU.ActiveCfg = Debug|Any CPU
		{D5CEE351-0E4C-4CE2-A7F2-30A29D0671B8}.Debug|Any CPU.Build.0 = Debug|Any CPU
		{D5CEE351-0E4C-4CE2-A7F2-30A29D0671B8}.Release|Any CPU.ActiveCfg = Release|Any CPU
		{D5CEE351-0E4C-4CE2-A7F2-30A29D0671B8}.Release|Any CPU.Build.0 = Release|Any CPU
		{C41C9EA1-9A7D-4BFC-9704-939ABAF26908}.Debug|Any CPU.ActiveCfg = Debug|Any CPU
		{C41C9EA1-9A7D-4BFC-9704-939ABAF26908}.Debug|Any CPU.Build.0 = Debug|Any CPU
		{C41C9EA1-9A7D-4BFC-9704-939ABAF26908}.Release|Any CPU.ActiveCfg = Release|Any CPU
		{C41C9EA1-9A7D-4BFC-9704-939ABAF26908}.Release|Any CPU.Build.0 = Release|Any CPU
		{30389C08-B020-47CA-9107-7E1B312015ED}.Debug|Any CPU.ActiveCfg = Debug|Any CPU
		{30389C08-B020-47CA-9107-7E1B312015ED}.Debug|Any CPU.Build.0 = Debug|Any CPU
		{30389C08-B020-47CA-9107-7E1B312015ED}.Release|Any CPU.ActiveCfg = Release|Any CPU
		{30389C08-B020-47CA-9107-7E1B312015ED}.Release|Any CPU.Build.0 = Release|Any CPU
		{EDFDE816-4216-419A-9919-91CD4993AF2C}.Debug|Any CPU.ActiveCfg = Debug|Any CPU
		{EDFDE816-4216-419A-9919-91CD4993AF2C}.Debug|Any CPU.Build.0 = Debug|Any CPU
		{EDFDE816-4216-419A-9919-91CD4993AF2C}.Release|Any CPU.ActiveCfg = Release|Any CPU
		{EDFDE816-4216-419A-9919-91CD4993AF2C}.Release|Any CPU.Build.0 = Release|Any CPU
		{8C0523A7-511D-494B-BDA3-66DA2C474E88}.Debug|Any CPU.ActiveCfg = Debug|Any CPU
		{8C0523A7-511D-494B-BDA3-66DA2C474E88}.Debug|Any CPU.Build.0 = Debug|Any CPU
		{8C0523A7-511D-494B-BDA3-66DA2C474E88}.Release|Any CPU.ActiveCfg = Release|Any CPU
		{8C0523A7-511D-494B-BDA3-66DA2C474E88}.Release|Any CPU.Build.0 = Release|Any CPU
		{86483135-7150-47E4-BAE3-55B263B9E3F8}.Debug|Any CPU.ActiveCfg = Debug|Any CPU
		{86483135-7150-47E4-BAE3-55B263B9E3F8}.Debug|Any CPU.Build.0 = Debug|Any CPU
		{86483135-7150-47E4-BAE3-55B263B9E3F8}.Release|Any CPU.ActiveCfg = Release|Any CPU
		{86483135-7150-47E4-BAE3-55B263B9E3F8}.Release|Any CPU.Build.0 = Release|Any CPU
		{ED1F97D6-379C-4E91-ADCF-0461D94E3F99}.Debug|Any CPU.ActiveCfg = Debug|Any CPU
		{ED1F97D6-379C-4E91-ADCF-0461D94E3F99}.Debug|Any CPU.Build.0 = Debug|Any CPU
		{ED1F97D6-379C-4E91-ADCF-0461D94E3F99}.Release|Any CPU.ActiveCfg = Release|Any CPU
		{ED1F97D6-379C-4E91-ADCF-0461D94E3F99}.Release|Any CPU.Build.0 = Release|Any CPU
		{9B2AB815-C6DB-40A0-9F67-35C62FC0C640}.Debug|Any CPU.ActiveCfg = Debug|Any CPU
		{9B2AB815-C6DB-40A0-9F67-35C62FC0C640}.Debug|Any CPU.Build.0 = Debug|Any CPU
		{9B2AB815-C6DB-40A0-9F67-35C62FC0C640}.Release|Any CPU.ActiveCfg = Release|Any CPU
		{9B2AB815-C6DB-40A0-9F67-35C62FC0C640}.Release|Any CPU.Build.0 = Release|Any CPU
		{30B77904-81D0-43FD-9922-24A29926C3B7}.Debug|Any CPU.ActiveCfg = Debug|Any CPU
		{30B77904-81D0-43FD-9922-24A29926C3B7}.Debug|Any CPU.Build.0 = Debug|Any CPU
		{30B77904-81D0-43FD-9922-24A29926C3B7}.Release|Any CPU.ActiveCfg = Release|Any CPU
		{30B77904-81D0-43FD-9922-24A29926C3B7}.Release|Any CPU.Build.0 = Release|Any CPU
		{600D8982-AAB1-4D7E-9345-0B85335E8C51}.Debug|Any CPU.ActiveCfg = Debug|Any CPU
		{600D8982-AAB1-4D7E-9345-0B85335E8C51}.Debug|Any CPU.Build.0 = Debug|Any CPU
		{600D8982-AAB1-4D7E-9345-0B85335E8C51}.Release|Any CPU.ActiveCfg = Release|Any CPU
		{600D8982-AAB1-4D7E-9345-0B85335E8C51}.Release|Any CPU.Build.0 = Release|Any CPU
		{DAC3EDB0-387A-4079-B0F2-D20A71D9AD05}.Debug|Any CPU.ActiveCfg = Debug|Any CPU
		{DAC3EDB0-387A-4079-B0F2-D20A71D9AD05}.Debug|Any CPU.Build.0 = Debug|Any CPU
		{DAC3EDB0-387A-4079-B0F2-D20A71D9AD05}.Release|Any CPU.ActiveCfg = Release|Any CPU
		{DAC3EDB0-387A-4079-B0F2-D20A71D9AD05}.Release|Any CPU.Build.0 = Release|Any CPU
		{A7C140AD-E632-4958-98FF-C48AC76BD140}.Debug|Any CPU.ActiveCfg = Debug|Any CPU
		{A7C140AD-E632-4958-98FF-C48AC76BD140}.Debug|Any CPU.Build.0 = Debug|Any CPU
		{A7C140AD-E632-4958-98FF-C48AC76BD140}.Release|Any CPU.ActiveCfg = Release|Any CPU
		{A7C140AD-E632-4958-98FF-C48AC76BD140}.Release|Any CPU.Build.0 = Release|Any CPU
		{B21EAD51-5709-48AB-B370-BE6D1303112D}.Debug|Any CPU.ActiveCfg = Debug|Any CPU
		{B21EAD51-5709-48AB-B370-BE6D1303112D}.Debug|Any CPU.Build.0 = Debug|Any CPU
		{B21EAD51-5709-48AB-B370-BE6D1303112D}.Release|Any CPU.ActiveCfg = Release|Any CPU
		{B21EAD51-5709-48AB-B370-BE6D1303112D}.Release|Any CPU.Build.0 = Release|Any CPU
		{B00E8EB2-1694-4179-8DFB-C837218E5FB3}.Debug|Any CPU.ActiveCfg = Debug|Any CPU
		{B00E8EB2-1694-4179-8DFB-C837218E5FB3}.Debug|Any CPU.Build.0 = Debug|Any CPU
		{B00E8EB2-1694-4179-8DFB-C837218E5FB3}.Release|Any CPU.ActiveCfg = Release|Any CPU
		{B00E8EB2-1694-4179-8DFB-C837218E5FB3}.Release|Any CPU.Build.0 = Release|Any CPU
		{227734F3-2FB8-4A7A-B99C-EB2D8D4F456E}.Debug|Any CPU.ActiveCfg = Debug|Any CPU
		{227734F3-2FB8-4A7A-B99C-EB2D8D4F456E}.Debug|Any CPU.Build.0 = Debug|Any CPU
		{227734F3-2FB8-4A7A-B99C-EB2D8D4F456E}.Release|Any CPU.ActiveCfg = Release|Any CPU
		{227734F3-2FB8-4A7A-B99C-EB2D8D4F456E}.Release|Any CPU.Build.0 = Release|Any CPU
	EndGlobalSection
	GlobalSection(SolutionProperties) = preSolution
		HideSolutionNode = FALSE
	EndGlobalSection
	GlobalSection(NestedProjects) = preSolution
		{A5960B35-0CF4-45AC-812C-E3228AAF29DE} = {2938F656-2FC3-42B2-9F80-BC19CA732371}
		{3C8D2750-2CFB-4958-A5DC-6E9041936DDC} = {2938F656-2FC3-42B2-9F80-BC19CA732371}
		{489F53CB-2E4A-4EF3-BB44-D59503D25E4E} = {2938F656-2FC3-42B2-9F80-BC19CA732371}
		{9E5ECC7C-9C9E-41C4-B849-8B00C5083DFF} = {2938F656-2FC3-42B2-9F80-BC19CA732371}
		{6ECDC9F7-D270-4D07-8120-AA8C22BB937C} = {2938F656-2FC3-42B2-9F80-BC19CA732371}
		{9FEF1566-E79B-4908-AC00-16A266302364} = {2938F656-2FC3-42B2-9F80-BC19CA732371}
		{C5901168-735F-4D49-A0F0-3724CA1FC870} = {2938F656-2FC3-42B2-9F80-BC19CA732371}
		{B97272E8-07F3-41ED-ADB8-6655DD9C160B} = {0D7D9F4A-F1AA-4DBB-A602-783F1B2FE089}
		{119981FE-4D84-416A-84A5-901593CCFFA1} = {0D7D9F4A-F1AA-4DBB-A602-783F1B2FE089}
		{017C7062-1079-4DB6-921E-59F23760B364} = {0D7D9F4A-F1AA-4DBB-A602-783F1B2FE089}
		{E15035A4-DCAB-4C56-B580-12B1339AD14B} = {2938F656-2FC3-42B2-9F80-BC19CA732371}
		{C2E0DD93-3B64-4AFC-8FA8-EC0F668E7A61} = {0D7D9F4A-F1AA-4DBB-A602-783F1B2FE089}
		{3B0C5EBA-683A-484A-9979-0E3089ECBBB5} = {E15035A4-DCAB-4C56-B580-12B1339AD14B}
		{D5CEE351-0E4C-4CE2-A7F2-30A29D0671B8} = {E15035A4-DCAB-4C56-B580-12B1339AD14B}
		{C41C9EA1-9A7D-4BFC-9704-939ABAF26908} = {E15035A4-DCAB-4C56-B580-12B1339AD14B}
		{30389C08-B020-47CA-9107-7E1B312015ED} = {2938F656-2FC3-42B2-9F80-BC19CA732371}
		{EDFDE816-4216-419A-9919-91CD4993AF2C} = {E15035A4-DCAB-4C56-B580-12B1339AD14B}
		{8C0523A7-511D-494B-BDA3-66DA2C474E88} = {0D7D9F4A-F1AA-4DBB-A602-783F1B2FE089}
		{86483135-7150-47E4-BAE3-55B263B9E3F8} = {2938F656-2FC3-42B2-9F80-BC19CA732371}
		{ED1F97D6-379C-4E91-ADCF-0461D94E3F99} = {E15035A4-DCAB-4C56-B580-12B1339AD14B}
		{9B2AB815-C6DB-40A0-9F67-35C62FC0C640} = {2938F656-2FC3-42B2-9F80-BC19CA732371}
		{30B77904-81D0-43FD-9922-24A29926C3B7} = {E15035A4-DCAB-4C56-B580-12B1339AD14B}
		{600D8982-AAB1-4D7E-9345-0B85335E8C51} = {2938F656-2FC3-42B2-9F80-BC19CA732371}
		{DAC3EDB0-387A-4079-B0F2-D20A71D9AD05} = {E15035A4-DCAB-4C56-B580-12B1339AD14B}
		{A7C140AD-E632-4958-98FF-C48AC76BD140} = {2938F656-2FC3-42B2-9F80-BC19CA732371}
		{B21EAD51-5709-48AB-B370-BE6D1303112D} = {E15035A4-DCAB-4C56-B580-12B1339AD14B}
		{B00E8EB2-1694-4179-8DFB-C837218E5FB3} = {2938F656-2FC3-42B2-9F80-BC19CA732371}
		{227734F3-2FB8-4A7A-B99C-EB2D8D4F456E} = {E15035A4-DCAB-4C56-B580-12B1339AD14B}
	EndGlobalSection
	GlobalSection(ExtensibilityGlobals) = postSolution
		SolutionGuid = {DBFAE0C1-AACD-4177-8DB1-DC4728A61D47}
	EndGlobalSection
EndGlobal
