
Microsoft Visual Studio Solution File, Format Version 12.00
# Visual Studio Version 17
VisualStudioVersion = 17.5.33424.131
MinimumVisualStudioVersion = 10.0.40219.1
Project("{9A19103F-16F7-4668-BE54-9A1E7A4F7556}") = "Task14L", "leetcode\Task14L.csproj", "{C49CFDD0-BA94-4C5D-9DDA-1172FD00608B}"
EndProject
Project("{9A19103F-16F7-4668-BE54-9A1E7A4F7556}") = "leetcode_template", "leetcode_template\leetcode_template.csproj", "{BE468C1A-81A9-496E-A3BD-87F61F280643}"
EndProject
Project("{9A19103F-16F7-4668-BE54-9A1E7A4F7556}") = "Task9L", "LeetCodeTask9\Task9L.csproj", "{9A797CBB-6F41-43D2-9641-759D944EA38C}"
EndProject
Project("{9A19103F-16F7-4668-BE54-9A1E7A4F7556}") = "Task1C", "codewars1\Task1C.csproj", "{BAD65B5D-E94A-4589-B537-390141999D48}"
EndProject
Project("{9A19103F-16F7-4668-BE54-9A1E7A4F7556}") = "Task2C", "Task2C\Task2C.csproj", "{AF590944-20D7-4B34-B28F-8B582D2441B6}"
EndProject
Project("{9A19103F-16F7-4668-BE54-9A1E7A4F7556}") = "Task3C", "Task3C\Task3C.csproj", "{8AEC93FC-5189-40BE-BF03-4AC5B5922683}"
EndProject
Project("{9A19103F-16F7-4668-BE54-9A1E7A4F7556}") = "UNITTests", "TestProject1\UNITTests.csproj", "{5DDB941F-AB65-4DE7-8BE8-A9CA703B12A4}"
EndProject
Project("{9A19103F-16F7-4668-BE54-9A1E7A4F7556}") = "CW6", "CW6\CW6.csproj", "{061EB4F4-6F11-4F0E-800C-39F96278219F}"
EndProject
Project("{FAE04EC0-301F-11D3-BF4B-00C04F79EFBC}") = "CW7", "CW7\CW7.csproj", "{D019FF13-6712-4CFF-94DC-DB746081958F}"
EndProject
Project("{FAE04EC0-301F-11D3-BF4B-00C04F79EFBC}") = "LC4", "LC4\LC4.csproj", "{219A262A-91A3-41DD-A362-772302D70233}"
EndProject
Global
	GlobalSection(SolutionConfigurationPlatforms) = preSolution
		Debug|Any CPU = Debug|Any CPU
		Release|Any CPU = Release|Any CPU
	EndGlobalSection
	GlobalSection(ProjectConfigurationPlatforms) = postSolution
		{C49CFDD0-BA94-4C5D-9DDA-1172FD00608B}.Debug|Any CPU.ActiveCfg = Debug|Any CPU
		{C49CFDD0-BA94-4C5D-9DDA-1172FD00608B}.Debug|Any CPU.Build.0 = Debug|Any CPU
		{C49CFDD0-BA94-4C5D-9DDA-1172FD00608B}.Release|Any CPU.ActiveCfg = Release|Any CPU
		{C49CFDD0-BA94-4C5D-9DDA-1172FD00608B}.Release|Any CPU.Build.0 = Release|Any CPU
		{BE468C1A-81A9-496E-A3BD-87F61F280643}.Debug|Any CPU.ActiveCfg = Debug|Any CPU
		{BE468C1A-81A9-496E-A3BD-87F61F280643}.Debug|Any CPU.Build.0 = Debug|Any CPU
		{BE468C1A-81A9-496E-A3BD-87F61F280643}.Release|Any CPU.ActiveCfg = Release|Any CPU
		{BE468C1A-81A9-496E-A3BD-87F61F280643}.Release|Any CPU.Build.0 = Release|Any CPU
		{9A797CBB-6F41-43D2-9641-759D944EA38C}.Debug|Any CPU.ActiveCfg = Debug|Any CPU
		{9A797CBB-6F41-43D2-9641-759D944EA38C}.Debug|Any CPU.Build.0 = Debug|Any CPU
		{9A797CBB-6F41-43D2-9641-759D944EA38C}.Release|Any CPU.ActiveCfg = Release|Any CPU
		{9A797CBB-6F41-43D2-9641-759D944EA38C}.Release|Any CPU.Build.0 = Release|Any CPU
		{BAD65B5D-E94A-4589-B537-390141999D48}.Debug|Any CPU.ActiveCfg = Debug|Any CPU
		{BAD65B5D-E94A-4589-B537-390141999D48}.Debug|Any CPU.Build.0 = Debug|Any CPU
		{BAD65B5D-E94A-4589-B537-390141999D48}.Release|Any CPU.ActiveCfg = Release|Any CPU
		{BAD65B5D-E94A-4589-B537-390141999D48}.Release|Any CPU.Build.0 = Release|Any CPU
		{AF590944-20D7-4B34-B28F-8B582D2441B6}.Debug|Any CPU.ActiveCfg = Debug|Any CPU
		{AF590944-20D7-4B34-B28F-8B582D2441B6}.Debug|Any CPU.Build.0 = Debug|Any CPU
		{AF590944-20D7-4B34-B28F-8B582D2441B6}.Release|Any CPU.ActiveCfg = Release|Any CPU
		{AF590944-20D7-4B34-B28F-8B582D2441B6}.Release|Any CPU.Build.0 = Release|Any CPU
		{8AEC93FC-5189-40BE-BF03-4AC5B5922683}.Debug|Any CPU.ActiveCfg = Debug|Any CPU
		{8AEC93FC-5189-40BE-BF03-4AC5B5922683}.Debug|Any CPU.Build.0 = Debug|Any CPU
		{8AEC93FC-5189-40BE-BF03-4AC5B5922683}.Release|Any CPU.ActiveCfg = Release|Any CPU
		{8AEC93FC-5189-40BE-BF03-4AC5B5922683}.Release|Any CPU.Build.0 = Release|Any CPU
		{5DDB941F-AB65-4DE7-8BE8-A9CA703B12A4}.Debug|Any CPU.ActiveCfg = Debug|Any CPU
		{5DDB941F-AB65-4DE7-8BE8-A9CA703B12A4}.Debug|Any CPU.Build.0 = Debug|Any CPU
		{5DDB941F-AB65-4DE7-8BE8-A9CA703B12A4}.Release|Any CPU.ActiveCfg = Release|Any CPU
		{5DDB941F-AB65-4DE7-8BE8-A9CA703B12A4}.Release|Any CPU.Build.0 = Release|Any CPU
		{061EB4F4-6F11-4F0E-800C-39F96278219F}.Debug|Any CPU.ActiveCfg = Debug|Any CPU
		{061EB4F4-6F11-4F0E-800C-39F96278219F}.Debug|Any CPU.Build.0 = Debug|Any CPU
		{061EB4F4-6F11-4F0E-800C-39F96278219F}.Release|Any CPU.ActiveCfg = Release|Any CPU
		{061EB4F4-6F11-4F0E-800C-39F96278219F}.Release|Any CPU.Build.0 = Release|Any CPU
		{D019FF13-6712-4CFF-94DC-DB746081958F}.Debug|Any CPU.ActiveCfg = Debug|Any CPU
		{D019FF13-6712-4CFF-94DC-DB746081958F}.Debug|Any CPU.Build.0 = Debug|Any CPU
		{D019FF13-6712-4CFF-94DC-DB746081958F}.Release|Any CPU.ActiveCfg = Release|Any CPU
		{D019FF13-6712-4CFF-94DC-DB746081958F}.Release|Any CPU.Build.0 = Release|Any CPU
		{219A262A-91A3-41DD-A362-772302D70233}.Debug|Any CPU.ActiveCfg = Debug|Any CPU
		{219A262A-91A3-41DD-A362-772302D70233}.Debug|Any CPU.Build.0 = Debug|Any CPU
		{219A262A-91A3-41DD-A362-772302D70233}.Release|Any CPU.ActiveCfg = Release|Any CPU
		{219A262A-91A3-41DD-A362-772302D70233}.Release|Any CPU.Build.0 = Release|Any CPU
	EndGlobalSection
	GlobalSection(SolutionProperties) = preSolution
		HideSolutionNode = FALSE
	EndGlobalSection
	GlobalSection(ExtensibilityGlobals) = postSolution
		SolutionGuid = {DBFAE0C1-AACD-4177-8DB1-DC4728A61D47}
	EndGlobalSection
EndGlobal
